
Microsoft Visual Studio Solution File, Format Version 12.00
# Visual Studio 15
VisualStudioVersion = 15.0.26228.9
MinimumVisualStudioVersion = 10.0.40219.1
Project("{9A19103F-16F7-4668-BE54-9A1E7A4F7556}") = "Swastika", "Swastika\Swastika.csproj", "{D687720F-CCEA-481E-B21D-89237D5525F0}"
EndProject
Project("{E53339B2-1760-4266-BCC7-CA923CBCF16C}") = "docker-compose", "docker-compose.dcproj", "{70E9F1C9-7911-4696-8653-33DBB3886F94}"
EndProject
Project("{9A19103F-16F7-4668-BE54-9A1E7A4F7556}") = "Swastika.Domain.Interfaces", "Swastika.Domain.Interfaces\Swastika.Domain.Interfaces.csproj", "{F0DF00C7-E89E-440D-987F-B1026F95E69F}"
EndProject
Project("{9A19103F-16F7-4668-BE54-9A1E7A4F7556}") = "Swastika.Domain.Settings", "Swastika.Domain.Settings\Swastika.Domain.Settings.csproj", "{F01138A4-C9D9-4277-AD02-B273404535AE}"
EndProject
Project("{9A19103F-16F7-4668-BE54-9A1E7A4F7556}") = "Swastika.Infrastructure", "Swastika.Infrastructure\Swastika.Infrastructure.csproj", "{2D20F63A-C0F7-4DE7-A0DF-AA0F0B69259F}"
EndProject
Project("{9A19103F-16F7-4668-BE54-9A1E7A4F7556}") = "Swastika.Infrastructure.Mappings", "Swastika.Infrastructure.Mappings\Swastika.Infrastructure.Mappings.csproj", "{F8B50970-FDDC-48DC-B54C-76E9ACC5F0AB}"
EndProject
Project("{9A19103F-16F7-4668-BE54-9A1E7A4F7556}") = "Swastika.Infrastructure.Tests", "Swastika.Infrastructure.Tests\Swastika.Infrastructure.Tests.csproj", "{E47AF160-94B1-49CF-8D6B-6190012BA8C4}"
EndProject
Project("{9A19103F-16F7-4668-BE54-9A1E7A4F7556}") = "Swastika.Infrastructure.Web", "Swastika.Infrastructure.Web\Swastika.Infrastructure.Web.csproj", "{9413A98D-F34B-411B-9903-C5D9A20F6E2D}"
EndProject
Project("{9A19103F-16F7-4668-BE54-9A1E7A4F7556}") = "Swastika.Jobs", "Swastika.Jobs\Swastika.Jobs.csproj", "{2109D754-8D95-4FE7-886F-E381A1836CE0}"
EndProject
Project("{9A19103F-16F7-4668-BE54-9A1E7A4F7556}") = "Swastika.Resources", "Swastika.Resources\Swastika.Resources.csproj", "{A5AFFA90-B1F8-4119-BA46-6A29C776BF0B}"
EndProject
Project("{9A19103F-16F7-4668-BE54-9A1E7A4F7556}") = "Swastika.Services", "Swastika.Services\Swastika.Services.csproj", "{9B808A8E-32E5-4117-9506-4E59C05E72A9}"
EndProject
Project("{9A19103F-16F7-4668-BE54-9A1E7A4F7556}") = "Swastika.Services.Interfaces", "Swastika.Services.Interfaces\Swastika.Services.Interfaces.csproj", "{BBB63BD7-BFA6-456E-8DE7-9BF65D83C09C}"
EndProject
Project("{9A19103F-16F7-4668-BE54-9A1E7A4F7556}") = "Swastika.Services.Tests", "Swastika.Services.Tests\Swastika.Services.Tests.csproj", "{27842A30-EC69-44DD-BEE9-73F84FCAB418}"
EndProject
Project("{2150E333-8FDC-42A3-9474-1A3956D46DE8}") = "Domain", "Domain", "{CA9E07F9-FDEF-4863-8A52-0B5E56E7C2E1}"
EndProject
Project("{2150E333-8FDC-42A3-9474-1A3956D46DE8}") = "Infrastructure", "Infrastructure", "{7E58A255-B16E-44F4-A949-694BBF92914B}"
EndProject
Project("{2150E333-8FDC-42A3-9474-1A3956D46DE8}") = "Presentation", "Presentation", "{008689AE-ED3A-46B3-AFB3-03B39ACC5FA6}"
EndProject
Project("{2150E333-8FDC-42A3-9474-1A3956D46DE8}") = "Services", "Services", "{57F3D9C2-0830-4F6D-B133-0BB5E45354DA}"
EndProject
Project("{2150E333-8FDC-42A3-9474-1A3956D46DE8}") = "Test", "Test", "{53B32AA6-7B52-4025-90D4-51B897191007}"
EndProject
Project("{9A19103F-16F7-4668-BE54-9A1E7A4F7556}") = "Swastika.Domain.Repository", "Swastika.Domain.Repository\Swastika.Domain.Repository.csproj", "{A1ECFE06-AC12-4EAF-B4D8-BB1B9E6E98A4}"
EndProject
Project("{2150E333-8FDC-42A3-9474-1A3956D46DE8}") = "Entities", "Entities", "{FE7A3551-6CEC-4B5D-8E64-4DEAAFB7205D}"
EndProject
Project("{9A19103F-16F7-4668-BE54-9A1E7A4F7556}") = "Swastika.Domain.EF.SqlServer", "Swastika.Domain.EF.SqlServer\Swastika.Domain.EF.SqlServer.csproj", "{4712B111-568A-4B68-AC5F-0EAEB76FF439}"
EndProject
Project("{9A19103F-16F7-4668-BE54-9A1E7A4F7556}") = "Swastika.Domain.EF.Sqlite", "Swastika.Domain.EF.Sqlite\Swastika.Domain.EF.Sqlite.csproj", "{FFC3F6B0-F7AA-4C1C-B22F-441AEE7ECB44}"
EndProject
Project("{9A19103F-16F7-4668-BE54-9A1E7A4F7556}") = "Swastika.Services.Repository", "Swastika.Services.Repository\Swastika.Services.Repository.csproj", "{E5729E7F-10D7-4F07-9380-DAAB5E7D7228}"
EndProject
Project("{9A19103F-16F7-4668-BE54-9A1E7A4F7556}") = "Swastika.Services.Api", "Swastika.Services.Api\Swastika.Services.Api.csproj", "{F35EED82-10AF-44C9-9EDD-44BAA01C64F9}"
EndProject
Project("{9A19103F-16F7-4668-BE54-9A1E7A4F7556}") = "Swastika.Services.Controller", "Swastika.Services.Controller\Swastika.Services.Controller.csproj", "{200C3DD5-DE19-4626-A92B-2B19DFD96CD1}"
EndProject
Project("{9A19103F-16F7-4668-BE54-9A1E7A4F7556}") = "Swastika.Infrastructure.ViewModel", "Swastika.Infrastructure.ViewModel\Swastika.Infrastructure.ViewModel.csproj", "{134BFA9D-AED8-407B-B3E8-9C40DF22560F}"
EndProject
Project("{2150E333-8FDC-42A3-9474-1A3956D46DE8}") = "Extension", "Extension", "{EFFB3305-9336-4220-B6BE-108E399AD3AD}"
EndProject
Project("{9A19103F-16F7-4668-BE54-9A1E7A4F7556}") = "Swastika.Extension.Blog", "Swastika.Extension.Blog\Swastika.Extension.Blog.csproj", "{E9E3C820-F712-4056-B48C-9E024896C556}"
EndProject
Project("{2150E333-8FDC-42A3-9474-1A3956D46DE8}") = "Barebone", "Barebone", "{52D7CAA7-06DD-44D0-AD1C-DD916B2BC97E}"
EndProject
Global
	GlobalSection(SolutionConfigurationPlatforms) = preSolution
		Debug|Any CPU = Debug|Any CPU
		Release|Any CPU = Release|Any CPU
	EndGlobalSection
	GlobalSection(ProjectConfigurationPlatforms) = postSolution
		{D687720F-CCEA-481E-B21D-89237D5525F0}.Debug|Any CPU.ActiveCfg = Debug|Any CPU
		{D687720F-CCEA-481E-B21D-89237D5525F0}.Debug|Any CPU.Build.0 = Debug|Any CPU
		{D687720F-CCEA-481E-B21D-89237D5525F0}.Release|Any CPU.ActiveCfg = Release|Any CPU
		{D687720F-CCEA-481E-B21D-89237D5525F0}.Release|Any CPU.Build.0 = Release|Any CPU
		{70E9F1C9-7911-4696-8653-33DBB3886F94}.Debug|Any CPU.ActiveCfg = Debug|Any CPU
		{70E9F1C9-7911-4696-8653-33DBB3886F94}.Debug|Any CPU.Build.0 = Debug|Any CPU
		{70E9F1C9-7911-4696-8653-33DBB3886F94}.Release|Any CPU.ActiveCfg = Release|Any CPU
		{70E9F1C9-7911-4696-8653-33DBB3886F94}.Release|Any CPU.Build.0 = Release|Any CPU
		{F0DF00C7-E89E-440D-987F-B1026F95E69F}.Debug|Any CPU.ActiveCfg = Debug|Any CPU
		{F0DF00C7-E89E-440D-987F-B1026F95E69F}.Debug|Any CPU.Build.0 = Debug|Any CPU
		{F0DF00C7-E89E-440D-987F-B1026F95E69F}.Release|Any CPU.ActiveCfg = Release|Any CPU
		{F0DF00C7-E89E-440D-987F-B1026F95E69F}.Release|Any CPU.Build.0 = Release|Any CPU
		{F01138A4-C9D9-4277-AD02-B273404535AE}.Debug|Any CPU.ActiveCfg = Debug|Any CPU
		{F01138A4-C9D9-4277-AD02-B273404535AE}.Debug|Any CPU.Build.0 = Debug|Any CPU
		{F01138A4-C9D9-4277-AD02-B273404535AE}.Release|Any CPU.ActiveCfg = Release|Any CPU
		{F01138A4-C9D9-4277-AD02-B273404535AE}.Release|Any CPU.Build.0 = Release|Any CPU
		{2D20F63A-C0F7-4DE7-A0DF-AA0F0B69259F}.Debug|Any CPU.ActiveCfg = Debug|Any CPU
		{2D20F63A-C0F7-4DE7-A0DF-AA0F0B69259F}.Debug|Any CPU.Build.0 = Debug|Any CPU
		{2D20F63A-C0F7-4DE7-A0DF-AA0F0B69259F}.Release|Any CPU.ActiveCfg = Release|Any CPU
		{2D20F63A-C0F7-4DE7-A0DF-AA0F0B69259F}.Release|Any CPU.Build.0 = Release|Any CPU
		{F8B50970-FDDC-48DC-B54C-76E9ACC5F0AB}.Debug|Any CPU.ActiveCfg = Debug|Any CPU
		{F8B50970-FDDC-48DC-B54C-76E9ACC5F0AB}.Debug|Any CPU.Build.0 = Debug|Any CPU
		{F8B50970-FDDC-48DC-B54C-76E9ACC5F0AB}.Release|Any CPU.ActiveCfg = Release|Any CPU
		{F8B50970-FDDC-48DC-B54C-76E9ACC5F0AB}.Release|Any CPU.Build.0 = Release|Any CPU
		{E47AF160-94B1-49CF-8D6B-6190012BA8C4}.Debug|Any CPU.ActiveCfg = Debug|Any CPU
		{E47AF160-94B1-49CF-8D6B-6190012BA8C4}.Debug|Any CPU.Build.0 = Debug|Any CPU
		{E47AF160-94B1-49CF-8D6B-6190012BA8C4}.Release|Any CPU.ActiveCfg = Release|Any CPU
		{E47AF160-94B1-49CF-8D6B-6190012BA8C4}.Release|Any CPU.Build.0 = Release|Any CPU
		{9413A98D-F34B-411B-9903-C5D9A20F6E2D}.Debug|Any CPU.ActiveCfg = Debug|Any CPU
		{9413A98D-F34B-411B-9903-C5D9A20F6E2D}.Debug|Any CPU.Build.0 = Debug|Any CPU
		{9413A98D-F34B-411B-9903-C5D9A20F6E2D}.Release|Any CPU.ActiveCfg = Release|Any CPU
		{9413A98D-F34B-411B-9903-C5D9A20F6E2D}.Release|Any CPU.Build.0 = Release|Any CPU
		{2109D754-8D95-4FE7-886F-E381A1836CE0}.Debug|Any CPU.ActiveCfg = Debug|Any CPU
		{2109D754-8D95-4FE7-886F-E381A1836CE0}.Debug|Any CPU.Build.0 = Debug|Any CPU
		{2109D754-8D95-4FE7-886F-E381A1836CE0}.Release|Any CPU.ActiveCfg = Release|Any CPU
		{2109D754-8D95-4FE7-886F-E381A1836CE0}.Release|Any CPU.Build.0 = Release|Any CPU
		{A5AFFA90-B1F8-4119-BA46-6A29C776BF0B}.Debug|Any CPU.ActiveCfg = Debug|Any CPU
		{A5AFFA90-B1F8-4119-BA46-6A29C776BF0B}.Debug|Any CPU.Build.0 = Debug|Any CPU
		{A5AFFA90-B1F8-4119-BA46-6A29C776BF0B}.Release|Any CPU.ActiveCfg = Release|Any CPU
		{A5AFFA90-B1F8-4119-BA46-6A29C776BF0B}.Release|Any CPU.Build.0 = Release|Any CPU
		{9B808A8E-32E5-4117-9506-4E59C05E72A9}.Debug|Any CPU.ActiveCfg = Debug|Any CPU
		{9B808A8E-32E5-4117-9506-4E59C05E72A9}.Debug|Any CPU.Build.0 = Debug|Any CPU
		{9B808A8E-32E5-4117-9506-4E59C05E72A9}.Release|Any CPU.ActiveCfg = Release|Any CPU
		{9B808A8E-32E5-4117-9506-4E59C05E72A9}.Release|Any CPU.Build.0 = Release|Any CPU
		{BBB63BD7-BFA6-456E-8DE7-9BF65D83C09C}.Debug|Any CPU.ActiveCfg = Debug|Any CPU
		{BBB63BD7-BFA6-456E-8DE7-9BF65D83C09C}.Debug|Any CPU.Build.0 = Debug|Any CPU
		{BBB63BD7-BFA6-456E-8DE7-9BF65D83C09C}.Release|Any CPU.ActiveCfg = Release|Any CPU
		{BBB63BD7-BFA6-456E-8DE7-9BF65D83C09C}.Release|Any CPU.Build.0 = Release|Any CPU
		{27842A30-EC69-44DD-BEE9-73F84FCAB418}.Debug|Any CPU.ActiveCfg = Debug|Any CPU
		{27842A30-EC69-44DD-BEE9-73F84FCAB418}.Debug|Any CPU.Build.0 = Debug|Any CPU
		{27842A30-EC69-44DD-BEE9-73F84FCAB418}.Release|Any CPU.ActiveCfg = Release|Any CPU
		{27842A30-EC69-44DD-BEE9-73F84FCAB418}.Release|Any CPU.Build.0 = Release|Any CPU
		{A1ECFE06-AC12-4EAF-B4D8-BB1B9E6E98A4}.Debug|Any CPU.ActiveCfg = Debug|Any CPU
		{A1ECFE06-AC12-4EAF-B4D8-BB1B9E6E98A4}.Debug|Any CPU.Build.0 = Debug|Any CPU
		{A1ECFE06-AC12-4EAF-B4D8-BB1B9E6E98A4}.Release|Any CPU.ActiveCfg = Release|Any CPU
		{A1ECFE06-AC12-4EAF-B4D8-BB1B9E6E98A4}.Release|Any CPU.Build.0 = Release|Any CPU
		{4712B111-568A-4B68-AC5F-0EAEB76FF439}.Debug|Any CPU.ActiveCfg = Debug|Any CPU
		{4712B111-568A-4B68-AC5F-0EAEB76FF439}.Debug|Any CPU.Build.0 = Debug|Any CPU
		{4712B111-568A-4B68-AC5F-0EAEB76FF439}.Release|Any CPU.ActiveCfg = Release|Any CPU
		{4712B111-568A-4B68-AC5F-0EAEB76FF439}.Release|Any CPU.Build.0 = Release|Any CPU
		{FFC3F6B0-F7AA-4C1C-B22F-441AEE7ECB44}.Debug|Any CPU.ActiveCfg = Debug|Any CPU
		{FFC3F6B0-F7AA-4C1C-B22F-441AEE7ECB44}.Debug|Any CPU.Build.0 = Debug|Any CPU
		{FFC3F6B0-F7AA-4C1C-B22F-441AEE7ECB44}.Release|Any CPU.ActiveCfg = Release|Any CPU
		{FFC3F6B0-F7AA-4C1C-B22F-441AEE7ECB44}.Release|Any CPU.Build.0 = Release|Any CPU
		{E5729E7F-10D7-4F07-9380-DAAB5E7D7228}.Debug|Any CPU.ActiveCfg = Debug|Any CPU
		{E5729E7F-10D7-4F07-9380-DAAB5E7D7228}.Debug|Any CPU.Build.0 = Debug|Any CPU
		{E5729E7F-10D7-4F07-9380-DAAB5E7D7228}.Release|Any CPU.ActiveCfg = Release|Any CPU
		{E5729E7F-10D7-4F07-9380-DAAB5E7D7228}.Release|Any CPU.Build.0 = Release|Any CPU
		{F35EED82-10AF-44C9-9EDD-44BAA01C64F9}.Debug|Any CPU.ActiveCfg = Debug|Any CPU
		{F35EED82-10AF-44C9-9EDD-44BAA01C64F9}.Debug|Any CPU.Build.0 = Debug|Any CPU
		{F35EED82-10AF-44C9-9EDD-44BAA01C64F9}.Release|Any CPU.ActiveCfg = Release|Any CPU
		{F35EED82-10AF-44C9-9EDD-44BAA01C64F9}.Release|Any CPU.Build.0 = Release|Any CPU
		{200C3DD5-DE19-4626-A92B-2B19DFD96CD1}.Debug|Any CPU.ActiveCfg = Debug|Any CPU
		{200C3DD5-DE19-4626-A92B-2B19DFD96CD1}.Debug|Any CPU.Build.0 = Debug|Any CPU
		{200C3DD5-DE19-4626-A92B-2B19DFD96CD1}.Release|Any CPU.ActiveCfg = Release|Any CPU
		{200C3DD5-DE19-4626-A92B-2B19DFD96CD1}.Release|Any CPU.Build.0 = Release|Any CPU
		{134BFA9D-AED8-407B-B3E8-9C40DF22560F}.Debug|Any CPU.ActiveCfg = Debug|Any CPU
		{134BFA9D-AED8-407B-B3E8-9C40DF22560F}.Debug|Any CPU.Build.0 = Debug|Any CPU
		{134BFA9D-AED8-407B-B3E8-9C40DF22560F}.Release|Any CPU.ActiveCfg = Release|Any CPU
		{134BFA9D-AED8-407B-B3E8-9C40DF22560F}.Release|Any CPU.Build.0 = Release|Any CPU
		{E9E3C820-F712-4056-B48C-9E024896C556}.Debug|Any CPU.ActiveCfg = Debug|Any CPU
		{E9E3C820-F712-4056-B48C-9E024896C556}.Debug|Any CPU.Build.0 = Debug|Any CPU
		{E9E3C820-F712-4056-B48C-9E024896C556}.Release|Any CPU.ActiveCfg = Release|Any CPU
		{E9E3C820-F712-4056-B48C-9E024896C556}.Release|Any CPU.Build.0 = Release|Any CPU
	EndGlobalSection
	GlobalSection(SolutionProperties) = preSolution
		HideSolutionNode = FALSE
	EndGlobalSection
	GlobalSection(NestedProjects) = preSolution
		{D687720F-CCEA-481E-B21D-89237D5525F0} = {008689AE-ED3A-46B3-AFB3-03B39ACC5FA6}
		{F0DF00C7-E89E-440D-987F-B1026F95E69F} = {CA9E07F9-FDEF-4863-8A52-0B5E56E7C2E1}
		{F01138A4-C9D9-4277-AD02-B273404535AE} = {CA9E07F9-FDEF-4863-8A52-0B5E56E7C2E1}
		{2D20F63A-C0F7-4DE7-A0DF-AA0F0B69259F} = {7E58A255-B16E-44F4-A949-694BBF92914B}
		{F8B50970-FDDC-48DC-B54C-76E9ACC5F0AB} = {7E58A255-B16E-44F4-A949-694BBF92914B}
		{E47AF160-94B1-49CF-8D6B-6190012BA8C4} = {53B32AA6-7B52-4025-90D4-51B897191007}
		{9413A98D-F34B-411B-9903-C5D9A20F6E2D} = {7E58A255-B16E-44F4-A949-694BBF92914B}
		{2109D754-8D95-4FE7-886F-E381A1836CE0} = {57F3D9C2-0830-4F6D-B133-0BB5E45354DA}
		{A5AFFA90-B1F8-4119-BA46-6A29C776BF0B} = {008689AE-ED3A-46B3-AFB3-03B39ACC5FA6}
		{9B808A8E-32E5-4117-9506-4E59C05E72A9} = {57F3D9C2-0830-4F6D-B133-0BB5E45354DA}
		{BBB63BD7-BFA6-456E-8DE7-9BF65D83C09C} = {57F3D9C2-0830-4F6D-B133-0BB5E45354DA}
		{27842A30-EC69-44DD-BEE9-73F84FCAB418} = {53B32AA6-7B52-4025-90D4-51B897191007}
		{CA9E07F9-FDEF-4863-8A52-0B5E56E7C2E1} = {52D7CAA7-06DD-44D0-AD1C-DD916B2BC97E}
		{7E58A255-B16E-44F4-A949-694BBF92914B} = {52D7CAA7-06DD-44D0-AD1C-DD916B2BC97E}
		{008689AE-ED3A-46B3-AFB3-03B39ACC5FA6} = {52D7CAA7-06DD-44D0-AD1C-DD916B2BC97E}
		{57F3D9C2-0830-4F6D-B133-0BB5E45354DA} = {52D7CAA7-06DD-44D0-AD1C-DD916B2BC97E}
		{53B32AA6-7B52-4025-90D4-51B897191007} = {52D7CAA7-06DD-44D0-AD1C-DD916B2BC97E}
		{A1ECFE06-AC12-4EAF-B4D8-BB1B9E6E98A4} = {CA9E07F9-FDEF-4863-8A52-0B5E56E7C2E1}
		{FE7A3551-6CEC-4B5D-8E64-4DEAAFB7205D} = {CA9E07F9-FDEF-4863-8A52-0B5E56E7C2E1}
		{4712B111-568A-4B68-AC5F-0EAEB76FF439} = {FE7A3551-6CEC-4B5D-8E64-4DEAAFB7205D}
		{FFC3F6B0-F7AA-4C1C-B22F-441AEE7ECB44} = {FE7A3551-6CEC-4B5D-8E64-4DEAAFB7205D}
		{E5729E7F-10D7-4F07-9380-DAAB5E7D7228} = {57F3D9C2-0830-4F6D-B133-0BB5E45354DA}
		{F35EED82-10AF-44C9-9EDD-44BAA01C64F9} = {57F3D9C2-0830-4F6D-B133-0BB5E45354DA}
		{200C3DD5-DE19-4626-A92B-2B19DFD96CD1} = {57F3D9C2-0830-4F6D-B133-0BB5E45354DA}
		{134BFA9D-AED8-407B-B3E8-9C40DF22560F} = {7E58A255-B16E-44F4-A949-694BBF92914B}
		{E9E3C820-F712-4056-B48C-9E024896C556} = {EFFB3305-9336-4220-B6BE-108E399AD3AD}
	EndGlobalSection
EndGlobal
